
Microsoft Visual Studio Solution File, Format Version 12.00
# Visual Studio Version 16
VisualStudioVersion = 16.0.30611.23
MinimumVisualStudioVersion = 10.0.40219.1
Project("{9A19103F-16F7-4668-BE54-9A1E7A4F7556}") = "BigMammaUML3", "BigMammaUML3\BigMammaUML3.csproj", "{FB903520-9494-445A-B1BA-8E98DF65F0C9}"
EndProject
Project("{FAE04EC0-301F-11D3-BF4B-00C04F79EFBC}") = "BigMammaTest", "BigMammaTest\BigMammaTest.csproj", "{BDA68052-0A5B-427D-BA43-DED4D14F621E}"
EndProject
Global
	GlobalSection(SolutionConfigurationPlatforms) = preSolution
		Debug|Any CPU = Debug|Any CPU
		Release|Any CPU = Release|Any CPU
	EndGlobalSection
	GlobalSection(ProjectConfigurationPlatforms) = postSolution
		{FB903520-9494-445A-B1BA-8E98DF65F0C9}.Debug|Any CPU.ActiveCfg = Debug|Any CPU
		{FB903520-9494-445A-B1BA-8E98DF65F0C9}.Debug|Any CPU.Build.0 = Debug|Any CPU
		{FB903520-9494-445A-B1BA-8E98DF65F0C9}.Release|Any CPU.ActiveCfg = Release|Any CPU
		{FB903520-9494-445A-B1BA-8E98DF65F0C9}.Release|Any CPU.Build.0 = Release|Any CPU
		{BDA68052-0A5B-427D-BA43-DED4D14F621E}.Debug|Any CPU.ActiveCfg = Debug|Any CPU
		{BDA68052-0A5B-427D-BA43-DED4D14F621E}.Debug|Any CPU.Build.0 = Debug|Any CPU
		{BDA68052-0A5B-427D-BA43-DED4D14F621E}.Release|Any CPU.ActiveCfg = Release|Any CPU
		{BDA68052-0A5B-427D-BA43-DED4D14F621E}.Release|Any CPU.Build.0 = Release|Any CPU
	EndGlobalSection
	GlobalSection(SolutionProperties) = preSolution
		HideSolutionNode = FALSE
	EndGlobalSection
	GlobalSection(ExtensibilityGlobals) = postSolution
		SolutionGuid = {8F92A245-3A32-44E0-ABC4-D594ED679E3C}
	EndGlobalSection
EndGlobal
